// !$*UTF8*$!
{
	archiveVersion = 1;
	classes = {
	};
	objectVersion = 46;
	objects = {

/* Begin PBXBuildFile section */
		CEB020671E7D1D5F00370D7B /* title_icon.png in Resources */ = {isa = PBXBuildFile; fileRef = CEB020661E7D1D5F00370D7B /* title_icon.png */; };
		CEEC09DA1E7A57DA0074DA63 /* AppDelegate.swift in Sources */ = {isa = PBXBuildFile; fileRef = CEEC09D91E7A57DA0074DA63 /* AppDelegate.swift */; };
		CEEC09DC1E7A57DA0074DA63 /* ViewController.swift in Sources */ = {isa = PBXBuildFile; fileRef = CEEC09DB1E7A57DA0074DA63 /* ViewController.swift */; };
		CEEC09DF1E7A57DA0074DA63 /* Main.storyboard in Resources */ = {isa = PBXBuildFile; fileRef = CEEC09DD1E7A57DA0074DA63 /* Main.storyboard */; };
		CEEC09E11E7A57DA0074DA63 /* Assets.xcassets in Resources */ = {isa = PBXBuildFile; fileRef = CEEC09E01E7A57DA0074DA63 /* Assets.xcassets */; };
		CEEC09E41E7A57DA0074DA63 /* LaunchScreen.storyboard in Resources */ = {isa = PBXBuildFile; fileRef = CEEC09E21E7A57DA0074DA63 /* LaunchScreen.storyboard */; };
/* End PBXBuildFile section */

/* Begin PBXFileReference section */
		CEB020661E7D1D5F00370D7B /* title_icon.png */ = {isa = PBXFileReference; lastKnownFileType = image.png; path = title_icon.png; sourceTree = "<group>"; };
		CEEC09D61E7A57DA0074DA63 /* HelloAutoLayout.app */ = {isa = PBXFileReference; explicitFileType = wrapper.application; includeInIndex = 0; path = HelloAutoLayout.app; sourceTree = BUILT_PRODUCTS_DIR; };
		CEEC09D91E7A57DA0074DA63 /* AppDelegate.swift */ = {isa = PBXFileReference; lastKnownFileType = sourcecode.swift; path = AppDelegate.swift; sourceTree = "<group>"; };
		CEEC09DB1E7A57DA0074DA63 /* ViewController.swift */ = {isa = PBXFileReference; lastKnownFileType = sourcecode.swift; path = ViewController.swift; sourceTree = "<group>"; };
		CEEC09DE1E7A57DA0074DA63 /* Base */ = {isa = PBXFileReference; lastKnownFileType = file.storyboard; name = Base; path = Base.lproj/Main.storyboard; sourceTree = "<group>"; };
		CEEC09E01E7A57DA0074DA63 /* Assets.xcassets */ = {isa = PBXFileReference; lastKnownFileType = folder.assetcatalog; path = Assets.xcassets; sourceTree = "<group>"; };
		CEEC09E31E7A57DA0074DA63 /* Base */ = {isa = PBXFileReference; lastKnownFileType = file.storyboard; name = Base; path = Base.lproj/LaunchScreen.storyboard; sourceTree = "<group>"; };
		CEEC09E51E7A57DA0074DA63 /* Info.plist */ = {isa = PBXFileReference; lastKnownFileType = text.plist.xml; path = Info.plist; sourceTree = "<group>"; };
/* End PBXFileReference section */

/* Begin PBXFrameworksBuildPhase section */
		CEEC09D31E7A57DA0074DA63 /* Frameworks */ = {
			isa = PBXFrameworksBuildPhase;
			buildActionMask = 2147483647;
			files = (
			);
			runOnlyForDeploymentPostprocessing = 0;
		};
/* End PBXFrameworksBuildPhase section */

/* Begin PBXGroup section */
		CEEC09CD1E7A57DA0074DA63 = {
			isa = PBXGroup;
			children = (
				CEEC09D81E7A57DA0074DA63 /* HelloAutoLayout */,
				CEEC09D71E7A57DA0074DA63 /* Products */,
			);
			sourceTree = "<group>";
		};
		CEEC09D71E7A57DA0074DA63 /* Products */ = {
			isa = PBXGroup;
			children = (
				CEEC09D61E7A57DA0074DA63 /* HelloAutoLayout.app */,
			);
			name = Products;
			sourceTree = "<group>";
		};
		CEEC09D81E7A57DA0074DA63 /* HelloAutoLayout */ = {
			isa = PBXGroup;
			children = (
				CEB020661E7D1D5F00370D7B /* title_icon.png */,
				CEEC09D91E7A57DA0074DA63 /* AppDelegate.swift */,
				CEEC09DB1E7A57DA0074DA63 /* ViewController.swift */,
				CEEC09DD1E7A57DA0074DA63 /* Main.storyboard */,
				CEEC09E01E7A57DA0074DA63 /* Assets.xcassets */,
				CEEC09E21E7A57DA0074DA63 /* LaunchScreen.storyboard */,
				CEEC09E51E7A57DA0074DA63 /* Info.plist */,
			);
			path = HelloAutoLayout;
			sourceTree = "<group>";
		};
/* End PBXGroup section */

/* Begin PBXNativeTarget section */
		CEEC09D51E7A57DA0074DA63 /* HelloAutoLayout */ = {
			isa = PBXNativeTarget;
			buildConfigurationList = CEEC09E81E7A57DA0074DA63 /* Build configuration list for PBXNativeTarget "HelloAutoLayout" */;
			buildPhases = (
				CEEC09D21E7A57DA0074DA63 /* Sources */,
				CEEC09D31E7A57DA0074DA63 /* Frameworks */,
				CEEC09D41E7A57DA0074DA63 /* Resources */,
			);
			buildRules = (
			);
			dependencies = (
			);
			name = HelloAutoLayout;
			productName = HelloAutoLayout;
			productReference = CEEC09D61E7A57DA0074DA63 /* HelloAutoLayout.app */;
			productType = "com.apple.product-type.application";
		};
/* End PBXNativeTarget section */

/* Begin PBXProject section */
		CEEC09CE1E7A57DA0074DA63 /* Project object */ = {
			isa = PBXProject;
			attributes = {
				LastSwiftUpdateCheck = 0810;
				LastUpgradeCheck = 0810;
				ORGANIZATIONNAME = com.HeartCode;
				TargetAttributes = {
					CEEC09D51E7A57DA0074DA63 = {
						CreatedOnToolsVersion = 8.1;
						DevelopmentTeam = VBE7MKN5GU;
						ProvisioningStyle = Automatic;
					};
				};
			};
			buildConfigurationList = CEEC09D11E7A57DA0074DA63 /* Build configuration list for PBXProject "HelloAutoLayout" */;
			compatibilityVersion = "Xcode 3.2";
			developmentRegion = English;
			hasScannedForEncodings = 0;
			knownRegions = (
				en,
				Base,
			);
			mainGroup = CEEC09CD1E7A57DA0074DA63;
			productRefGroup = CEEC09D71E7A57DA0074DA63 /* Products */;
			projectDirPath = "";
			projectRoot = "";
			targets = (
				CEEC09D51E7A57DA0074DA63 /* HelloAutoLayout */,
			);
		};
/* End PBXProject section */

/* Begin PBXResourcesBuildPhase section */
		CEEC09D41E7A57DA0074DA63 /* Resources */ = {
			isa = PBXResourcesBuildPhase;
			buildActionMask = 2147483647;
			files = (
				CEEC09E41E7A57DA0074DA63 /* LaunchScreen.storyboard in Resources */,
				CEEC09E11E7A57DA0074DA63 /* Assets.xcassets in Resources */,
				CEEC09DF1E7A57DA0074DA63 /* Main.storyboard in Resources */,
				CEB020671E7D1D5F00370D7B /* title_icon.png in Resources */,
			);
			runOnlyForDeploymentPostprocessing = 0;
		};
/* End PBXResourcesBuildPhase section */

/* Begin PBXSourcesBuildPhase section */
		CEEC09D21E7A57DA0074DA63 /* Sources */ = {
			isa = PBXSourcesBuildPhase;
			buildActionMask = 2147483647;
			files = (
				CEEC09DC1E7A57DA0074DA63 /* ViewController.swift in Sources */,
				CEEC09DA1E7A57DA0074DA63 /* AppDelegate.swift in Sources */,
			);
			runOnlyForDeploymentPostprocessing = 0;
		};
/* End PBXSourcesBuildPhase section */

/* Begin PBXVariantGroup section */
		CEEC09DD1E7A57DA0074DA63 /* Main.storyboard */ = {
			isa = PBXVariantGroup;
			children = (
				CEEC09DE1E7A57DA0074DA63 /* Base */,
			);
			name = Main.storyboard;
			sourceTree = "<group>";
		};
		CEEC09E21E7A57DA0074DA63 /* LaunchScreen.storyboard */ = {
			isa = PBXVariantGroup;
			children = (
				CEEC09E31E7A57DA0074DA63 /* Base */,
			);
			name = LaunchScreen.storyboard;
			sourceTree = "<group>";
		};
/* End PBXVariantGroup section */

/* Begin XCBuildConfiguration section */
		CEEC09E61E7A57DA0074DA63 /* Debug */ = {
			isa = XCBuildConfiguration;
			buildSettings = {
				ALWAYS_SEARCH_USER_PATHS = NO;
				CLANG_ANALYZER_NONNULL = YES;
				CLANG_CXX_LANGUAGE_STANDARD = "gnu++0x";
				CLANG_CXX_LIBRARY = "libc++";
				CLANG_ENABLE_MODULES = YES;
				CLANG_ENABLE_OBJC_ARC = YES;
				CLANG_WARN_BOOL_CONVERSION = YES;
				CLANG_WARN_CONSTANT_CONVERSION = YES;
				CLANG_WARN_DIRECT_OBJC_ISA_USAGE = YES_ERROR;
				CLANG_WARN_DOCUMENTATION_COMMENTS = YES;
				CLANG_WARN_EMPTY_BODY = YES;
				CLANG_WARN_ENUM_CONVERSION = YES;
				CLANG_WARN_INFINITE_RECURSION = YES;
				CLANG_WARN_INT_CONVERSION = YES;
				CLANG_WARN_OBJC_ROOT_CLASS = YES_ERROR;
				CLANG_WARN_SUSPICIOUS_MOVES = YES;
				CLANG_WARN_UNREACHABLE_CODE = YES;
				CLANG_WARN__DUPLICATE_METHOD_MATCH = YES;
				"CODE_SIGN_IDENTITY[sdk=iphoneos*]" = "iPhone Developer";
				COPY_PHASE_STRIP = NO;
				DEBUG_INFORMATION_FORMAT = dwarf;
				ENABLE_STRICT_OBJC_MSGSEND = YES;
				ENABLE_TESTABILITY = YES;
				GCC_C_LANGUAGE_STANDARD = gnu99;
				GCC_DYNAMIC_NO_PIC = NO;
				GCC_NO_COMMON_BLOCKS = YES;
				GCC_OPTIMIZATION_LEVEL = 0;
				GCC_PREPROCESSOR_DEFINITIONS = (
					"DEBUG=1",
					"$(inherited)",
				);
				GCC_WARN_64_TO_32_BIT_CONVERSION = YES;
				GCC_WARN_ABOUT_RETURN_TYPE = YES_ERROR;
				GCC_WARN_UNDECLARED_SELECTOR = YES;
				GCC_WARN_UNINITIALIZED_AUTOS = YES_AGGRESSIVE;
				GCC_WARN_UNUSED_FUNCTION = YES;
				GCC_WARN_UNUSED_VARIABLE = YES;
				IPHONEOS_DEPLOYMENT_TARGET = 10.1;
				MTL_ENABLE_DEBUG_INFO = YES;
				ONLY_ACTIVE_ARCH = YES;
				SDKROOT = iphoneos;
				SWIFT_ACTIVE_COMPILATION_CONDITIONS = DEBUG;
				SWIFT_OPTIMIZATION_LEVEL = "-Onone";
			};
			name = Debug;
		};
		CEEC09E71E7A57DA0074DA63 /* Release */ = {
			isa = XCBuildConfiguration;
			buildSettings = {
				ALWAYS_SEARCH_USER_PATHS = NO;
				CLANG_ANALYZER_NONNULL = YES;
				CLANG_CXX_LANGUAGE_STANDARD = "gnu++0x";
				CLANG_CXX_LIBRARY = "libc++";
				CLANG_ENABLE_MODULES = YES;
				CLANG_ENABLE_OBJC_ARC = YES;
				CLANG_WARN_BOOL_CONVERSION = YES;
				CLANG_WARN_CONSTANT_CONVERSION = YES;
				CLANG_WARN_DIRECT_OBJC_ISA_USAGE = YES_ERROR;
				CLANG_WARN_DOCUMENTATION_COMMENTS = YES;
				CLANG_WARN_EMPTY_BODY = YES;
				CLANG_WARN_ENUM_CONVERSION = YES;
				CLANG_WARN_INFINITE_RECURSION = YES;
				CLANG_WARN_INT_CONVERSION = YES;
				CLANG_WARN_OBJC_ROOT_CLASS = YES_ERROR;
				CLANG_WARN_SUSPICIOUS_MOVES = YES;
				CLANG_WARN_UNREACHABLE_CODE = YES;
				CLANG_WARN__DUPLICATE_METHOD_MATCH = YES;
				"CODE_SIGN_IDENTITY[sdk=iphoneos*]" = "iPhone Developer";
				COPY_PHASE_STRIP = NO;
				DEBUG_INFORMATION_FORMAT = "dwarf-with-dsym";
				ENABLE_NS_ASSERTIONS = NO;
				ENABLE_STRICT_OBJC_MSGSEND = YES;
				GCC_C_LANGUAGE_STANDARD = gnu99;
				GCC_NO_COMMON_BLOCKS = YES;
				GCC_WARN_64_TO_32_BIT_CONVERSION = YES;
				GCC_WARN_ABOUT_RETURN_TYPE = YES_ERROR;
				GCC_WARN_UNDECLARED_SELECTOR = YES;
				GCC_WARN_UNINITIALIZED_AUTOS = YES_AGGRESSIVE;
				GCC_WARN_UNUSED_FUNCTION = YES;
				GCC_WARN_UNUSED_VARIABLE = YES;
				IPHONEOS_DEPLOYMENT_TARGET = 10.1;
				MTL_ENABLE_DEBUG_INFO = NO;
				SDKROOT = iphoneos;
				SWIFT_OPTIMIZATION_LEVEL = "-Owholemodule";
				VALIDATE_PRODUCT = YES;
			};
			name = Release;
		};
		CEEC09E91E7A57DA0074DA63 /* Debug */ = {
			isa = XCBuildConfiguration;
			buildSettings = {
				ASSETCATALOG_COMPILER_APPICON_NAME = AppIcon;
				DEVELOPMENT_TEAM = VBE7MKN5GU;
				INFOPLIST_FILE = HelloAutoLayout/Info.plist;
				LD_RUNPATH_SEARCH_PATHS = "$(inherited) @executable_path/Frameworks";
				PRODUCT_BUNDLE_IDENTIFIER = com.HeartCode.HelloAutoLayout;
				PRODUCT_NAME = "$(TARGET_NAME)";
				SWIFT_VERSION = 3.0;
			};
			name = Debug;
		};
		CEEC09EA1E7A57DA0074DA63 /* Release */ = {
			isa = XCBuildConfiguration;
			buildSettings = {
				ASSETCATALOG_COMPILER_APPICON_NAME = AppIcon;
				DEVELOPMENT_TEAM = VBE7MKN5GU;
				INFOPLIST_FILE = HelloAutoLayout/Info.plist;
				LD_RUNPATH_SEARCH_PATHS = "$(inherited) @executable_path/Frameworks";
				PRODUCT_BUNDLE_IDENTIFIER = com.HeartCode.HelloAutoLayout;
				PRODUCT_NAME = "$(TARGET_NAME)";
				SWIFT_VERSION = 3.0;
			};
			name = Release;
		};
/* End XCBuildConfiguration section */

/* Begin XCConfigurationList section */
		CEEC09D11E7A57DA0074DA63 /* Build configuration list for PBXProject "HelloAutoLayout" */ = {
			isa = XCConfigurationList;
			buildConfigurations = (
				CEEC09E61E7A57DA0074DA63 /* Debug */,
				CEEC09E71E7A57DA0074DA63 /* Release */,
			);
			defaultConfigurationIsVisible = 0;
			defaultConfigurationName = Release;
		};
		CEEC09E81E7A57DA0074DA63 /* Build configuration list for PBXNativeTarget "HelloAutoLayout" */ = {
			isa = XCConfigurationList;
			buildConfigurations = (
				CEEC09E91E7A57DA0074DA63 /* Debug */,
				CEEC09EA1E7A57DA0074DA63 /* Release */,
			);
			defaultConfigurationIsVisible = 0;
			defaultConfigurationName = Release;
		};
/* End XCConfigurationList section */
	};
	rootObject = CEEC09CE1E7A57DA0074DA63 /* Project object */;
}
